// !$*UTF8*$!
{
	archiveVersion = 1;
	classes = {
	};
	objectVersion = 77;
	objects = {

/* Begin PBXContainerItemProxy section */
		D31C82552FF553C000FD9E50 /* PBXContainerItemProxy */ = {
			isa = PBXContainerItemProxy;
			containerPortal = D31C823F2FF553BF00FD9E50 /* Project object */;
			proxyType = 1;
			remoteGlobalIDString = D31C82462FF553BF00FD9E50;
			remoteInfo = lfc;
		};
		D31C825F2FF553C000FD9E50 /* PBXContainerItemProxy */ = {
			isa = PBXContainerItemProxy;
			containerPortal = D31C823F2FF553BF00FD9E50 /* Project object */;
			proxyType = 1;
			remoteGlobalIDString = D31C82462FF553BF00FD9E50;
			remoteInfo = lfc;
		};
/* End PBXContainerItemProxy section */

/* Begin PBXFileReference section */
		D31C82472FF553BF00FD9E50 /* lfc.app */ = {isa = PBXFileReference; explicitFileType = wrapper.application; includeInIndex = 0; path = lfc.app; sourceTree = BUILT_PRODUCTS_DIR; };
		D31C82542FF553C000FD9E50 /* lfcTests.xctest */ = {isa = PBXFileReference; explicitFileType = wrapper.cfbundle; includeInIndex = 0; path = lfcTests.xctest; sourceTree = BUILT_PRODUCTS_DIR; };
		D31C825E2FF553C000FD9E50 /* lfcUITests.xctest */ = {isa = PBXFileReference; explicitFileType = wrapper.cfbundle; includeInIndex = 0; path = lfcUITests.xctest; sourceTree = BUILT_PRODUCTS_DIR; };
/* End PBXFileReference section */

/* Begin PBXFileSystemSynchronizedRootGroup section */
		D31C82492FF553BF00FD9E50 /* lfc */ = {
			isa = PBXFileSystemSynchronizedRootGroup;
			path = lfc;
			sourceTree = "<group>";
		};
		D31C82572FF553C000FD9E50 /* lfcTests */ = {
			isa = PBXFileSystemSynchronizedRootGroup;
			path = lfcTests;
			sourceTree = "<group>";
		};
		D31C82612FF553C000FD9E50 /* lfcUITests */ = {
			isa = PBXFileSystemSynchronizedRootGroup;
			path = lfcUITests;
			sourceTree = "<group>";
		};
/* End PBXFileSystemSynchronizedRootGroup section */

/* Begin PBXFrameworksBuildPhase section */
		D31C82442FF553BF00FD9E50 /* Frameworks */ = {
			isa = PBXFrameworksBuildPhase;
			buildActionMask = 2147483647;
			files = (
			);
			runOnlyForDeploymentPostprocessing = 0;
		};
		D31C82512FF553C000FD9E50 /* Frameworks */ = {
			isa = PBXFrameworksBuildPhase;
			buildActionMask = 2147483647;
			files = (
			);
			runOnlyForDeploymentPostprocessing = 0;
		};
		D31C825B2FF553C000FD9E50 /* Frameworks */ = {
			isa = PBXFrameworksBuildPhase;
			buildActionMask = 2147483647;
			files = (
			);
			runOnlyForDeploymentPostprocessing = 0;
		};
/* End PBXFrameworksBuildPhase section */

/* Begin PBXGroup section */
		D31C823E2FF553BF00FD9E50 = {
			isa = PBXGroup;
			children = (
				D31C82492FF553BF00FD9E50 /* lfc */,
				D31C82572FF553C000FD9E50 /* lfcTests */,
				D31C82612FF553C000FD9E50 /* lfcUITests */,
				D31C82482FF553BF00FD9E50 /* Products */,
			);
			sourceTree = "<group>";
		};
		D31C82482FF553BF00FD9E50 /* Products */ = {
			isa = PBXGroup;
			children = (
				D31C82472FF553BF00FD9E50 /* lfc.app */,
				D31C82542FF553C000FD9E50 /* lfcTests.xctest */,
				D31C825E2FF553C000FD9E50 /* lfcUITests.xctest */,
			);
			name = Products;
			sourceTree = "<group>";
		};
/* End PBXGroup section */

/* Begin PBXNativeTarget section */
		D31C82462FF553BF00FD9E50 /* lfc */ = {
			isa = PBXNativeTarget;
			buildConfigurationList = D31C82682FF553C000FD9E50 /* Build configuration list for PBXNativeTarget "lfc" */;
			buildPhases = (
				D31C82432FF553BF00FD9E50 /* Sources */,
				D31C82442FF553BF00FD9E50 /* Frameworks */,
				D31C82452FF553BF00FD9E50 /* Resources */,
			);
			buildRules = (
			);
			dependencies = (
			);
			fileSystemSynchronizedGroups = (
				D31C82492FF553BF00FD9E50 /* lfc */,
			);
			name = lfc;
			packageProductDependencies = (
			);
			productName = lfc;
			productReference = D31C82472FF553BF00FD9E50 /* lfc.app */;
			productType = "com.apple.product-type.application";
		};
		D31C82532FF553C000FD9E50 /* lfcTests */ = {
			isa = PBXNativeTarget;
			buildConfigurationList = D31C826B2FF553C000FD9E50 /* Build configuration list for PBXNativeTarget "lfcTests" */;
			buildPhases = (
				D31C82502FF553C000FD9E50 /* Sources */,
				D31C82512FF553C000FD9E50 /* Frameworks */,
				D31C82522FF553C000FD9E50 /* Resources */,
			);
			buildRules = (
			);
			dependencies = (
				D31C82562FF553C000FD9E50 /* PBXTargetDependency */,
			);
			fileSystemSynchronizedGroups = (
				D31C82572FF553C000FD9E50 /* lfcTests */,
			);
			name = lfcTests;
			packageProductDependencies = (
			);
			productName = lfcTests;
			productReference = D31C82542FF553C000FD9E50 /* lfcTests.xctest */;
			productType = "com.apple.product-type.bundle.unit-test";
		};
		D31C825D2FF553C000FD9E50 /* lfcUITests */ = {
			isa = PBXNativeTarget;
			buildConfigurationList = D31C826E2FF553C000FD9E50 /* Build configuration list for PBXNativeTarget "lfcUITests" */;
			buildPhases = (
				D31C825A2FF553C000FD9E50 /* Sources */,
				D31C825B2FF553C000FD9E50 /* Frameworks */,
				D31C825C2FF553C000FD9E50 /* Resources */,
			);
			buildRules = (
			);
			dependencies = (
				D31C82602FF553C000FD9E50 /* PBXTargetDependency */,
			);
			fileSystemSynchronizedGroups = (
				D31C82612FF553C000FD9E50 /* lfcUITests */,
			);
			name = lfcUITests;
			packageProductDependencies = (
			);
			productName = lfcUITests;
			productReference = D31C825E2FF553C000FD9E50 /* lfcUITests.xctest */;
			productType = "com.apple.product-type.bundle.ui-testing";
		};
/* End PBXNativeTarget section */

/* Begin PBXProject section */
		D31C823F2FF553BF00FD9E50 /* Project object */ = {
			isa = PBXProject;
			attributes = {
				BuildIndependentTargetsInParallel = 1;
				LastSwiftUpdateCheck = 1640;
				LastUpgradeCheck = 1640;
				TargetAttributes = {
					D31C82462FF553BF00FD9E50 = {
						CreatedOnToolsVersion = 16.4;
					};
					D31C82532FF553C000FD9E50 = {
						CreatedOnToolsVersion = 16.4;
						TestTargetID = D31C82462FF553BF00FD9E50;
					};
					D31C825D2FF553C000FD9E50 = {
						CreatedOnToolsVersion = 16.4;
						TestTargetID = D31C82462FF553BF00FD9E50;
					};
				};
			};
			buildConfigurationList = D31C82422FF553BF00FD9E50 /* Build configuration list for PBXProject "lfc" */;
			developmentRegion = en;
			hasScannedForEncodings = 0;
			knownRegions = (
				en,
				Base,
			);
			mainGroup = D31C823E2FF553BF00FD9E50;
			minimizedProjectReferenceProxies = 1;
			preferredProjectObjectVersion = 77;
			productRefGroup = D31C82482FF553BF00FD9E50 /* Products */;
			projectDirPath = "";
			projectRoot = "";
			targets = (
				D31C82462FF553BF00FD9E50 /* lfc */,
				D31C82532FF553C000FD9E50 /* lfcTests */,
				D31C825D2FF553C000FD9E50 /* lfcUITests */,
			);
		};
/* End PBXProject section */

/* Begin PBXResourcesBuildPhase section */
		D31C82452FF553BF00FD9E50 /* Resources */ = {
			isa = PBXResourcesBuildPhase;
			buildActionMask = 2147483647;
			files = (
			);
			runOnlyForDeploymentPostprocessing = 0;
		};
		D31C82522FF553C000FD9E50 /* Resources */ = {
			isa = PBXResourcesBuildPhase;
			buildActionMask = 2147483647;
			files = (
			);
			runOnlyForDeploymentPostprocessing = 0;
		};
		D31C825C2FF553C000FD9E50 /* Resources */ = {
			isa = PBXResourcesBuildPhase;
			buildActionMask = 2147483647;
			files = (
			);
			runOnlyForDeploymentPostprocessing = 0;
		};
/* End PBXResourcesBuildPhase section */

/* Begin PBXSourcesBuildPhase section */
		D31C82432FF553BF00FD9E50 /* Sources */ = {
			isa = PBXSourcesBuildPhase;
			buildActionMask = 2147483647;
			files = (
			);
			runOnlyForDeploymentPostprocessing = 0;
		};
		D31C82502FF553C000FD9E50 /* Sources */ = {
			isa = PBXSourcesBuildPhase;
			buildActionMask = 2147483647;
			files = (
			);
			runOnlyForDeploymentPostprocessing = 0;
		};
		D31C825A2FF553C000FD9E50 /* Sources */ = {
			isa = PBXSourcesBuildPhase;
			buildActionMask = 2147483647;
			files = (
			);
			runOnlyForDeploymentPostprocessing = 0;
		};
/* End PBXSourcesBuildPhase section */

/* Begin PBXTargetDependency section */
		D31C82562FF553C000FD9E50 /* PBXTargetDependency */ = {
			isa = PBXTargetDependency;
			target = D31C82462FF553BF00FD9E50 /* lfc */;
			targetProxy = D31C82552FF553C000FD9E50 /* PBXContainerItemProxy */;
		};
		D31C82602FF553C000FD9E50 /* PBXTargetDependency */ = {
			isa = PBXTargetDependency;
			target = D31C82462FF553BF00FD9E50 /* lfc */;
			targetProxy = D31C825F2FF553C000FD9E50 /* PBXContainerItemProxy */;
		};
/* End PBXTargetDependency section */

/* Begin XCBuildConfiguration section */
		D31C82662FF553C000FD9E50 /* Debug */ = {
			isa = XCBuildConfiguration;
			buildSettings = {
				ALWAYS_SEARCH_USER_PATHS = NO;
				ASSETCATALOG_COMPILER_GENERATE_SWIFT_ASSET_SYMBOL_EXTENSIONS = YES;
				CLANG_ANALYZER_NONNULL = YES;
				CLANG_ANALYZER_NUMBER_OBJECT_CONVERSION = YES_AGGRESSIVE;
				CLANG_CXX_LANGUAGE_STANDARD = "gnu++20";
				CLANG_ENABLE_MODULES = YES;
				CLANG_ENABLE_OBJC_ARC = YES;
				CLANG_ENABLE_OBJC_WEAK = YES;
				CLANG_WARN_BLOCK_CAPTURE_AUTORELEASING = YES;
				CLANG_WARN_BOOL_CONVERSION = YES;
				CLANG_WARN_COMMA = YES;
				CLANG_WARN_CONSTANT_CONVERSION = YES;
				CLANG_WARN_DEPRECATED_OBJC_IMPLEMENTATIONS = YES;
				CLANG_WARN_DIRECT_OBJC_ISA_USAGE = YES_ERROR;
				CLANG_WARN_DOCUMENTATION_COMMENTS = YES;
				CLANG_WARN_EMPTY_BODY = YES;
				CLANG_WARN_ENUM_CONVERSION = YES;
				CLANG_WARN_INFINITE_RECURSION = YES;
				CLANG_WARN_INT_CONVERSION = YES;
				CLANG_WARN_NON_LITERAL_NULL_CONVERSION = YES;
				CLANG_WARN_OBJC_IMPLICIT_RETAIN_SELF = YES;
				CLANG_WARN_OBJC_LITERAL_CONVERSION = YES;
				CLANG_WARN_OBJC_ROOT_CLASS = YES_ERROR;
				CLANG_WARN_QUOTED_INCLUDE_IN_FRAMEWORK_HEADER = YES;
				CLANG_WARN_RANGE_LOOP_ANALYSIS = YES;
				CLANG_WARN_STRICT_PROTOTYPES = YES;
				CLANG_WARN_SUSPICIOUS_MOVE = YES;
				CLANG_WARN_UNGUARDED_AVAILABILITY = YES_AGGRESSIVE;
				CLANG_WARN_UNREACHABLE_CODE = YES;
				CLANG_WARN__DUPLICATE_METHOD_MATCH = YES;
				COPY_PHASE_STRIP = NO;
				DEBUG_INFORMATION_FORMAT = dwarf;
				DEVELOPMENT_TEAM = BT6356TB5J;
				ENABLE_STRICT_OBJC_MSGSEND = YES;
				ENABLE_TESTABILITY = YES;
				ENABLE_USER_SCRIPT_SANDBOXING = YES;
				GCC_C_LANGUAGE_STANDARD = gnu17;
				GCC_DYNAMIC_NO_PIC = NO;
				GCC_NO_COMMON_BLOCKS = YES;
				GCC_OPTIMIZATION_LEVEL = 0;
				GCC_PREPROCESSOR_DEFINITIONS = (
					"DEBUG=1",
					"$(inherited)",
				);
				GCC_WARN_64_TO_32_BIT_CONVERSION = YES;
				GCC_WARN_ABOUT_RETURN_TYPE = YES_ERROR;
				GCC_WARN_UNDECLARED_SELECTOR = YES;
				GCC_WARN_UNINITIALIZED_AUTOS = YES_AGGRESSIVE;
				GCC_WARN_UNUSED_FUNCTION = YES;
				GCC_WARN_UNUSED_VARIABLE = YES;
				IPHONEOS_DEPLOYMENT_TARGET = 17.0;
				LOCALIZATION_PREFERS_STRING_CATALOGS = YES;
				MTL_ENABLE_DEBUG_INFO = INCLUDE_SOURCE;
				MTL_FAST_MATH = YES;
				ONLY_ACTIVE_ARCH = YES;
				SDKROOT = iphoneos;
				SWIFT_ACTIVE_COMPILATION_CONDITIONS = "DEBUG $(inherited)";
				SWIFT_OPTIMIZATION_LEVEL = "-Onone";
			};
			name = Debug;
		};
		D31C82672FF553C000FD9E50 /* Release */ = {
			isa = XCBuildConfiguration;
			buildSettings = {
				ALWAYS_SEARCH_USER_PATHS = NO;
				ASSETCATALOG_COMPILER_GENERATE_SWIFT_ASSET_SYMBOL_EXTENSIONS = YES;
				CLANG_ANALYZER_NONNULL = YES;
				CLANG_ANALYZER_NUMBER_OBJECT_CONVERSION = YES_AGGRESSIVE;
				CLANG_CXX_LANGUAGE_STANDARD = "gnu++20";
				CLANG_ENABLE_MODULES = YES;
				CLANG_ENABLE_OBJC_ARC = YES;
				CLANG_ENABLE_OBJC_WEAK = YES;
				CLANG_WARN_BLOCK_CAPTURE_AUTORELEASING = YES;
				CLANG_WARN_BOOL_CONVERSION = YES;
				CLANG_WARN_COMMA = YES;
				CLANG_WARN_CONSTANT_CONVERSION = YES;
				CLANG_WARN_DEPRECATED_OBJC_IMPLEMENTATIONS = YES;
				CLANG_WARN_DIRECT_OBJC_ISA_USAGE = YES_ERROR;
				CLANG_WARN_DOCUMENTATION_COMMENTS = YES;
				CLANG_WARN_EMPTY_BODY = YES;
				CLANG_WARN_ENUM_CONVERSION = YES;
				CLANG_WARN_INFINITE_RECURSION = YES;
				CLANG_WARN_INT_CONVERSION = YES;
				CLANG_WARN_NON_LITERAL_NULL_CONVERSION = YES;
				CLANG_WARN_OBJC_IMPLICIT_RETAIN_SELF = YES;
				CLANG_WARN_OBJC_LITERAL_CONVERSION = YES;
				CLANG_WARN_OBJC_ROOT_CLASS = YES_ERROR;
				CLANG_WARN_QUOTED_INCLUDE_IN_FRAMEWORK_HEADER = YES;
				CLANG_WARN_RANGE_LOOP_ANALYSIS = YES;
				CLANG_WARN_STRICT_PROTOTYPES = YES;
				CLANG_WARN_SUSPICIOUS_MOVE = YES;
				CLANG_WARN_UNGUARDED_AVAILABILITY = YES_AGGRESSIVE;
				CLANG_WARN_UNREACHABLE_CODE = YES;
				CLANG_WARN__DUPLICATE_METHOD_MATCH = YES;
				COPY_PHASE_STRIP = NO;
				DEBUG_INFORMATION_FORMAT = "dwarf-with-dsym";
				DEVELOPMENT_TEAM = BT6356TB5J;
				ENABLE_NS_ASSERTIONS = NO;
				ENABLE_STRICT_OBJC_MSGSEND = YES;
				ENABLE_USER_SCRIPT_SANDBOXING = YES;
				GCC_C_LANGUAGE_STANDARD = gnu17;
				GCC_NO_COMMON_BLOCKS = YES;
				GCC_WARN_64_TO_32_BIT_CONVERSION = YES;
				GCC_WARN_ABOUT_RETURN_TYPE = YES_ERROR;
				GCC_WARN_UNDECLARED_SELECTOR = YES;
				GCC_WARN_UNINITIALIZED_AUTOS = YES_AGGRESSIVE;
				GCC_WARN_UNUSED_FUNCTION = YES;
				GCC_WARN_UNUSED_VARIABLE = YES;
				IPHONEOS_DEPLOYMENT_TARGET = 17.0;
				LOCALIZATION_PREFERS_STRING_CATALOGS = YES;
				MTL_ENABLE_DEBUG_INFO = NO;
				MTL_FAST_MATH = YES;
				SDKROOT = iphoneos;
				SWIFT_COMPILATION_MODE = wholemodule;
				VALIDATE_PRODUCT = YES;
			};
			name = Release;
		};
		D31C82692FF553C000FD9E50 /* Debug */ = {
			isa = XCBuildConfiguration;
			buildSettings = {
				ASSETCATALOG_COMPILER_APPICON_NAME = AppIcon;
				ASSETCATALOG_COMPILER_GLOBAL_ACCENT_COLOR_NAME = AccentColor;
				CODE_SIGN_STYLE = Automatic;
				CURRENT_PROJECT_VERSION = 1;
				DEVELOPMENT_TEAM = BT6356TB5J;
				ENABLE_PREVIEWS = YES;
				GENERATE_INFOPLIST_FILE = YES;
				INFOPLIST_FILE = lfc/Info.plist;
				INFOPLIST_KEY_CFBundleDisplayName = "莲峰校园";
				INFOPLIST_KEY_NSAppTransportSecurity_NSAllowsLocalNetworking = YES;
				INFOPLIST_KEY_NSCameraUsageDescription = "用于扫描用户二维码、拍摄学生证与发布图片";
				INFOPLIST_KEY_NSLocationWhenInUseUsageDescription = "用于展示同城内容与活动距离";
				INFOPLIST_KEY_NSPhotoLibraryUsageDescription = "用于上传笔记图片、头像与学生证照片";
				INFOPLIST_KEY_UIApplicationSceneManifest_Generation = YES;
				INFOPLIST_KEY_UIApplicationSupportsIndirectInputEvents = YES;
				INFOPLIST_KEY_UISupportedInterfaceOrientations_iPad = "UIInterfaceOrientationPortrait UIInterfaceOrientationPortraitUpsideDown UIInterfaceOrientationLandscapeLeft UIInterfaceOrientationLandscapeRight";
				INFOPLIST_KEY_UISupportedInterfaceOrientations_iPhone = "UIInterfaceOrientationPortrait UIInterfaceOrientationLandscapeLeft UIInterfaceOrientationLandscapeRight";
				IPHONEOS_DEPLOYMENT_TARGET = 17.0;
				LD_RUNPATH_SEARCH_PATHS = (
					"$(inherited)",
					"@executable_path/Frameworks",
				);
				MARKETING_VERSION = 1.0;
				PRODUCT_BUNDLE_IDENTIFIER = com.lfc.consumer.lfc;
				PRODUCT_NAME = "$(TARGET_NAME)";
				SWIFT_EMIT_LOC_STRINGS = YES;
				SWIFT_VERSION = 5.0;
				TARGETED_DEVICE_FAMILY = "1,2";
			};
			name = Debug;
		};
		D31C826A2FF553C000FD9E50 /* Release */ = {
			isa = XCBuildConfiguration;
			buildSettings = {
				ASSETCATALOG_COMPILER_APPICON_NAME = AppIcon;
				ASSETCATALOG_COMPILER_GLOBAL_ACCENT_COLOR_NAME = AccentColor;
				CODE_SIGN_STYLE = Automatic;
				CURRENT_PROJECT_VERSION = 1;
				DEVELOPMENT_TEAM = BT6356TB5J;
				ENABLE_PREVIEWS = YES;
				GENERATE_INFOPLIST_FILE = YES;
				INFOPLIST_FILE = lfc/Info.plist;
				INFOPLIST_KEY_CFBundleDisplayName = "莲峰校园";
				INFOPLIST_KEY_NSAppTransportSecurity_NSAllowsLocalNetworking = YES;
				INFOPLIST_KEY_NSCameraUsageDescription = "用于扫描用户二维码、拍摄学生证与发布图片";
				INFOPLIST_KEY_NSLocationWhenInUseUsageDescription = "用于展示同城内容与活动距离";
				INFOPLIST_KEY_NSPhotoLibraryUsageDescription = "用于上传笔记图片、头像与学生证照片";
				INFOPLIST_KEY_UIApplicationSceneManifest_Generation = YES;
				INFOPLIST_KEY_UIApplicationSupportsIndirectInputEvents = YES;
				INFOPLIST_KEY_UISupportedInterfaceOrientations_iPad = "UIInterfaceOrientationPortrait UIInterfaceOrientationPortraitUpsideDown UIInterfaceOrientationLandscapeLeft UIInterfaceOrientationLandscapeRight";
				INFOPLIST_KEY_UISupportedInterfaceOrientations_iPhone = "UIInterfaceOrientationPortrait UIInterfaceOrientationLandscapeLeft UIInterfaceOrientationLandscapeRight";
				IPHONEOS_DEPLOYMENT_TARGET = 17.0;
				LD_RUNPATH_SEARCH_PATHS = (
					"$(inherited)",
					"@executable_path/Frameworks",
				);
				MARKETING_VERSION = 1.0;
				PRODUCT_BUNDLE_IDENTIFIER = com.lfc.consumer.lfc;
				PRODUCT_NAME = "$(TARGET_NAME)";
				SWIFT_EMIT_LOC_STRINGS = YES;
				SWIFT_VERSION = 5.0;
				TARGETED_DEVICE_FAMILY = "1,2";
			};
			name = Release;
		};
		D31C826C2FF553C000FD9E50 /* Debug */ = {
			isa = XCBuildConfiguration;
			buildSettings = {
				BUNDLE_LOADER = "$(TEST_HOST)";
				CODE_SIGN_STYLE = Automatic;
				CURRENT_PROJECT_VERSION = 1;
				DEVELOPMENT_TEAM = BT6356TB5J;
				GENERATE_INFOPLIST_FILE = YES;
				IPHONEOS_DEPLOYMENT_TARGET = 17.0;
				MARKETING_VERSION = 1.0;
				PRODUCT_BUNDLE_IDENTIFIER = com.lfc.consumer.lfcTests;
				PRODUCT_NAME = "$(TARGET_NAME)";
				SWIFT_EMIT_LOC_STRINGS = NO;
				SWIFT_VERSION = 5.0;
				TARGETED_DEVICE_FAMILY = "1,2";
				TEST_HOST = "$(BUILT_PRODUCTS_DIR)/lfc.app/$(BUNDLE_EXECUTABLE_FOLDER_PATH)/lfc";
			};
			name = Debug;
		};
		D31C826D2FF553C000FD9E50 /* Release */ = {
			isa = XCBuildConfiguration;
			buildSettings = {
				BUNDLE_LOADER = "$(TEST_HOST)";
				CODE_SIGN_STYLE = Automatic;
				CURRENT_PROJECT_VERSION = 1;
				DEVELOPMENT_TEAM = BT6356TB5J;
				GENERATE_INFOPLIST_FILE = YES;
				IPHONEOS_DEPLOYMENT_TARGET = 17.0;
				MARKETING_VERSION = 1.0;
				PRODUCT_BUNDLE_IDENTIFIER = com.lfc.consumer.lfcTests;
				PRODUCT_NAME = "$(TARGET_NAME)";
				SWIFT_EMIT_LOC_STRINGS = NO;
				SWIFT_VERSION = 5.0;
				TARGETED_DEVICE_FAMILY = "1,2";
				TEST_HOST = "$(BUILT_PRODUCTS_DIR)/lfc.app/$(BUNDLE_EXECUTABLE_FOLDER_PATH)/lfc";
			};
			name = Release;
		};
		D31C826F2FF553C000FD9E50 /* Debug */ = {
			isa = XCBuildConfiguration;
			buildSettings = {
				CODE_SIGN_STYLE = Automatic;
				CURRENT_PROJECT_VERSION = 1;
				DEVELOPMENT_TEAM = BT6356TB5J;
				GENERATE_INFOPLIST_FILE = YES;
				MARKETING_VERSION = 1.0;
				PRODUCT_BUNDLE_IDENTIFIER = com.lfc.consumer.lfcUITests;
				PRODUCT_NAME = "$(TARGET_NAME)";
				SWIFT_EMIT_LOC_STRINGS = NO;
				SWIFT_VERSION = 5.0;
				TARGETED_DEVICE_FAMILY = "1,2";
				TEST_TARGET_NAME = lfc;
			};
			name = Debug;
		};
		D31C82702FF553C000FD9E50 /* Release */ = {
			isa = XCBuildConfiguration;
			buildSettings = {
				CODE_SIGN_STYLE = Automatic;
				CURRENT_PROJECT_VERSION = 1;
				DEVELOPMENT_TEAM = BT6356TB5J;
				GENERATE_INFOPLIST_FILE = YES;
				MARKETING_VERSION = 1.0;
				PRODUCT_BUNDLE_IDENTIFIER = com.lfc.consumer.lfcUITests;
				PRODUCT_NAME = "$(TARGET_NAME)";
				SWIFT_EMIT_LOC_STRINGS = NO;
				SWIFT_VERSION = 5.0;
				TARGETED_DEVICE_FAMILY = "1,2";
				TEST_TARGET_NAME = lfc;
			};
			name = Release;
		};
/* End XCBuildConfiguration section */

/* Begin XCConfigurationList section */
		D31C82422FF553BF00FD9E50 /* Build configuration list for PBXProject "lfc" */ = {
			isa = XCConfigurationList;
			buildConfigurations = (
				D31C82662FF553C000FD9E50 /* Debug */,
				D31C82672FF553C000FD9E50 /* Release */,
			);
			defaultConfigurationIsVisible = 0;
			defaultConfigurationName = Release;
		};
		D31C82682FF553C000FD9E50 /* Build configuration list for PBXNativeTarget "lfc" */ = {
			isa = XCConfigurationList;
			buildConfigurations = (
				D31C82692FF553C000FD9E50 /* Debug */,
				D31C826A2FF553C000FD9E50 /* Release */,
			);
			defaultConfigurationIsVisible = 0;
			defaultConfigurationName = Release;
		};
		D31C826B2FF553C000FD9E50 /* Build configuration list for PBXNativeTarget "lfcTests" */ = {
			isa = XCConfigurationList;
			buildConfigurations = (
				D31C826C2FF553C000FD9E50 /* Debug */,
				D31C826D2FF553C000FD9E50 /* Release */,
			);
			defaultConfigurationIsVisible = 0;
			defaultConfigurationName = Release;
		};
		D31C826E2FF553C000FD9E50 /* Build configuration list for PBXNativeTarget "lfcUITests" */ = {
			isa = XCConfigurationList;
			buildConfigurations = (
				D31C826F2FF553C000FD9E50 /* Debug */,
				D31C82702FF553C000FD9E50 /* Release */,
			);
			defaultConfigurationIsVisible = 0;
			defaultConfigurationName = Release;
		};
/* End XCConfigurationList section */
	};
	rootObject = D31C823F2FF553BF00FD9E50 /* Project object */;
}
